// !$*UTF8*$!
{
	archiveVersion = 1;
	classes = {
	};
	objectVersion = 77;
	objects = {

/* Begin PBXContainerItemProxy section */
		6988245F2D943EDC0071D325 /* PBXContainerItemProxy */ = {
			isa = PBXContainerItemProxy;
			containerPortal = 698824452D943EDB0071D325 /* Project object */;
			proxyType = 1;
			remoteGlobalIDString = 6988244C2D943EDB0071D325;
			remoteInfo = img2pdf;
		};
		698824692D943EDC0071D325 /* PBXContainerItemProxy */ = {
			isa = PBXContainerItemProxy;
			containerPortal = 698824452D943EDB0071D325 /* Project object */;
			proxyType = 1;
			remoteGlobalIDString = 6988244C2D943EDB0071D325;
			remoteInfo = img2pdf;
		};
/* End PBXContainerItemProxy section */

/* Begin PBXFileReference section */
		6988244D2D943EDB0071D325 /* img2pdf.app */ = {isa = PBXFileReference; explicitFileType = wrapper.application; includeInIndex = 0; path = img2pdf.app; sourceTree = BUILT_PRODUCTS_DIR; };
		6988245E2D943EDC0071D325 /* img2pdfTests.xctest */ = {isa = PBXFileReference; explicitFileType = wrapper.cfbundle; includeInIndex = 0; path = img2pdfTests.xctest; sourceTree = BUILT_PRODUCTS_DIR; };
		698824682D943EDC0071D325 /* img2pdfUITests.xctest */ = {isa = PBXFileReference; explicitFileType = wrapper.cfbundle; includeInIndex = 0; path = img2pdfUITests.xctest; sourceTree = BUILT_PRODUCTS_DIR; };
/* End PBXFileReference section */

/* Begin PBXFileSystemSynchronizedRootGroup section */
		6988244F2D943EDB0071D325 /* img2pdf */ = {
			isa = PBXFileSystemSynchronizedRootGroup;
			path = img2pdf;
			sourceTree = "<group>";
		};
		698824612D943EDC0071D325 /* img2pdfTests */ = {
			isa = PBXFileSystemSynchronizedRootGroup;
			path = img2pdfTests;
			sourceTree = "<group>";
		};
		6988246B2D943EDC0071D325 /* img2pdfUITests */ = {
			isa = PBXFileSystemSynchronizedRootGroup;
			path = img2pdfUITests;
			sourceTree = "<group>";
		};
/* End PBXFileSystemSynchronizedRootGroup section */

/* Begin PBXFrameworksBuildPhase section */
		6988244A2D943EDB0071D325 /* Frameworks */ = {
			isa = PBXFrameworksBuildPhase;
			buildActionMask = 2147483647;
			files = (
			);
			runOnlyForDeploymentPostprocessing = 0;
		};
		6988245B2D943EDC0071D325 /* Frameworks */ = {
			isa = PBXFrameworksBuildPhase;
			buildActionMask = 2147483647;
			files = (
			);
			runOnlyForDeploymentPostprocessing = 0;
		};
		698824652D943EDC0071D325 /* Frameworks */ = {
			isa = PBXFrameworksBuildPhase;
			buildActionMask = 2147483647;
			files = (
			);
			runOnlyForDeploymentPostprocessing = 0;
		};
/* End PBXFrameworksBuildPhase section */

/* Begin PBXGroup section */
		698824442D943EDB0071D325 = {
			isa = PBXGroup;
			children = (
				6988244F2D943EDB0071D325 /* img2pdf */,
				698824612D943EDC0071D325 /* img2pdfTests */,
				6988246B2D943EDC0071D325 /* img2pdfUITests */,
				6988244E2D943EDB0071D325 /* Products */,
			);
			sourceTree = "<group>";
		};
		6988244E2D943EDB0071D325 /* Products */ = {
			isa = PBXGroup;
			children = (
				6988244D2D943EDB0071D325 /* img2pdf.app */,
				6988245E2D943EDC0071D325 /* img2pdfTests.xctest */,
				698824682D943EDC0071D325 /* img2pdfUITests.xctest */,
			);
			name = Products;
			sourceTree = "<group>";
		};
/* End PBXGroup section */

/* Begin PBXNativeTarget section */
		6988244C2D943EDB0071D325 /* img2pdf */ = {
			isa = PBXNativeTarget;
			buildConfigurationList = 698824722D943EDC0071D325 /* Build configuration list for PBXNativeTarget "img2pdf" */;
			buildPhases = (
				698824492D943EDB0071D325 /* Sources */,
				6988244A2D943EDB0071D325 /* Frameworks */,
				6988244B2D943EDB0071D325 /* Resources */,
			);
			buildRules = (
			);
			dependencies = (
				698824AD2D944A190071D325 /* PBXTargetDependency */,
			);
			fileSystemSynchronizedGroups = (
				6988244F2D943EDB0071D325 /* img2pdf */,
			);
			name = img2pdf;
			packageProductDependencies = (
			);
			productName = img2pdf;
			productReference = 6988244D2D943EDB0071D325 /* img2pdf.app */;
			productType = "com.apple.product-type.application";
		};
		6988245D2D943EDC0071D325 /* img2pdfTests */ = {
			isa = PBXNativeTarget;
			buildConfigurationList = 698824752D943EDC0071D325 /* Build configuration list for PBXNativeTarget "img2pdfTests" */;
			buildPhases = (
				6988245A2D943EDC0071D325 /* Sources */,
				6988245B2D943EDC0071D325 /* Frameworks */,
				6988245C2D943EDC0071D325 /* Resources */,
			);
			buildRules = (
			);
			dependencies = (
				698824602D943EDC0071D325 /* PBXTargetDependency */,
			);
			fileSystemSynchronizedGroups = (
				698824612D943EDC0071D325 /* img2pdfTests */,
			);
			name = img2pdfTests;
			packageProductDependencies = (
			);
			productName = img2pdfTests;
			productReference = 6988245E2D943EDC0071D325 /* img2pdfTests.xctest */;
			productType = "com.apple.product-type.bundle.unit-test";
		};
		698824672D943EDC0071D325 /* img2pdfUITests */ = {
			isa = PBXNativeTarget;
			buildConfigurationList = 698824782D943EDC0071D325 /* Build configuration list for PBXNativeTarget "img2pdfUITests" */;
			buildPhases = (
				698824642D943EDC0071D325 /* Sources */,
				698824652D943EDC0071D325 /* Frameworks */,
				698824662D943EDC0071D325 /* Resources */,
			);
			buildRules = (
			);
			dependencies = (
				6988246A2D943EDC0071D325 /* PBXTargetDependency */,
			);
			fileSystemSynchronizedGroups = (
				6988246B2D943EDC0071D325 /* img2pdfUITests */,
			);
			name = img2pdfUITests;
			packageProductDependencies = (
			);
			productName = img2pdfUITests;
			productReference = 698824682D943EDC0071D325 /* img2pdfUITests.xctest */;
			productType = "com.apple.product-type.bundle.ui-testing";
		};
/* End PBXNativeTarget section */

/* Begin PBXProject section */
		698824452D943EDB0071D325 /* Project object */ = {
			isa = PBXProject;
			attributes = {
				BuildIndependentTargetsInParallel = 1;
				LastSwiftUpdateCheck = 1620;
				LastUpgradeCheck = 1620;
				TargetAttributes = {
					6988244C2D943EDB0071D325 = {
						CreatedOnToolsVersion = 16.2;
					};
					6988245D2D943EDC0071D325 = {
						CreatedOnToolsVersion = 16.2;
						TestTargetID = 6988244C2D943EDB0071D325;
					};
					698824672D943EDC0071D325 = {
						CreatedOnToolsVersion = 16.2;
						TestTargetID = 6988244C2D943EDB0071D325;
					};
				};
			};
			buildConfigurationList = 698824482D943EDB0071D325 /* Build configuration list for PBXProject "img2pdf" */;
			developmentRegion = en;
			hasScannedForEncodings = 0;
			knownRegions = (
				en,
				Base,
			);
			mainGroup = 698824442D943EDB0071D325;
			minimizedProjectReferenceProxies = 1;
			packageReferences = (
				698824AB2D944A110071D325 /* XCRemoteSwiftPackageReference "SwiftLint" */,
			);
			preferredProjectObjectVersion = 77;
			productRefGroup = 6988244E2D943EDB0071D325 /* Products */;
			projectDirPath = "";
			projectRoot = "";
			targets = (
				6988244C2D943EDB0071D325 /* img2pdf */,
				6988245D2D943EDC0071D325 /* img2pdfTests */,
				698824672D943EDC0071D325 /* img2pdfUITests */,
			);
		};
/* End PBXProject section */

/* Begin PBXResourcesBuildPhase section */
		6988244B2D943EDB0071D325 /* Resources */ = {
			isa = PBXResourcesBuildPhase;
			buildActionMask = 2147483647;
			files = (
			);
			runOnlyForDeploymentPostprocessing = 0;
		};
		6988245C2D943EDC0071D325 /* Resources */ = {
			isa = PBXResourcesBuildPhase;
			buildActionMask = 2147483647;
			files = (
			);
			runOnlyForDeploymentPostprocessing = 0;
		};
		698824662D943EDC0071D325 /* Resources */ = {
			isa = PBXResourcesBuildPhase;
			buildActionMask = 2147483647;
			files = (
			);
			runOnlyForDeploymentPostprocessing = 0;
		};
/* End PBXResourcesBuildPhase section */

/* Begin PBXSourcesBuildPhase section */
		698824492D943EDB0071D325 /* Sources */ = {
			isa = PBXSourcesBuildPhase;
			buildActionMask = 2147483647;
			files = (
			);
			runOnlyForDeploymentPostprocessing = 0;
		};
		6988245A2D943EDC0071D325 /* Sources */ = {
			isa = PBXSourcesBuildPhase;
			buildActionMask = 2147483647;
			files = (
			);
			runOnlyForDeploymentPostprocessing = 0;
		};
		698824642D943EDC0071D325 /* Sources */ = {
			isa = PBXSourcesBuildPhase;
			buildActionMask = 2147483647;
			files = (
			);
			runOnlyForDeploymentPostprocessing = 0;
		};
/* End PBXSourcesBuildPhase section */

/* Begin PBXTargetDependency section */
		698824602D943EDC0071D325 /* PBXTargetDependency */ = {
			isa = PBXTargetDependency;
			target = 6988244C2D943EDB0071D325 /* img2pdf */;
			targetProxy = 6988245F2D943EDC0071D325 /* PBXContainerItemProxy */;
		};
		6988246A2D943EDC0071D325 /* PBXTargetDependency */ = {
			isa = PBXTargetDependency;
			target = 6988244C2D943EDB0071D325 /* img2pdf */;
			targetProxy = 698824692D943EDC0071D325 /* PBXContainerItemProxy */;
		};
		698824AD2D944A190071D325 /* PBXTargetDependency */ = {
			isa = PBXTargetDependency;
			productRef = 698824AC2D944A190071D325 /* SwiftLintBuildToolPlugin */;
		};
/* End PBXTargetDependency section */

/* Begin XCBuildConfiguration section */
		698824702D943EDC0071D325 /* Debug */ = {
			isa = XCBuildConfiguration;
			buildSettings = {
				ALWAYS_SEARCH_USER_PATHS = NO;
				ASSETCATALOG_COMPILER_GENERATE_SWIFT_ASSET_SYMBOL_EXTENSIONS = YES;
				CLANG_ANALYZER_NONNULL = YES;
				CLANG_ANALYZER_NUMBER_OBJECT_CONVERSION = YES_AGGRESSIVE;
				CLANG_CXX_LANGUAGE_STANDARD = "gnu++20";
				CLANG_ENABLE_MODULES = YES;
				CLANG_ENABLE_OBJC_ARC = YES;
				CLANG_ENABLE_OBJC_WEAK = YES;
				CLANG_WARN_BLOCK_CAPTURE_AUTORELEASING = YES;
				CLANG_WARN_BOOL_CONVERSION = YES;
				CLANG_WARN_COMMA = YES;
				CLANG_WARN_CONSTANT_CONVERSION = YES;
				CLANG_WARN_DEPRECATED_OBJC_IMPLEMENTATIONS = YES;
				CLANG_WARN_DIRECT_OBJC_ISA_USAGE = YES_ERROR;
				CLANG_WARN_DOCUMENTATION_COMMENTS = YES;
				CLANG_WARN_EMPTY_BODY = YES;
				CLANG_WARN_ENUM_CONVERSION = YES;
				CLANG_WARN_INFINITE_RECURSION = YES;
				CLANG_WARN_INT_CONVERSION = YES;
				CLANG_WARN_NON_LITERAL_NULL_CONVERSION = YES;
				CLANG_WARN_OBJC_IMPLICIT_RETAIN_SELF = YES;
				CLANG_WARN_OBJC_LITERAL_CONVERSION = YES;
				CLANG_WARN_OBJC_ROOT_CLASS = YES_ERROR;
				CLANG_WARN_QUOTED_INCLUDE_IN_FRAMEWORK_HEADER = YES;
				CLANG_WARN_RANGE_LOOP_ANALYSIS = YES;
				CLANG_WARN_STRICT_PROTOTYPES = YES;
				CLANG_WARN_SUSPICIOUS_MOVE = YES;
				CLANG_WARN_UNGUARDED_AVAILABILITY = YES_AGGRESSIVE;
				CLANG_WARN_UNREACHABLE_CODE = YES;
				CLANG_WARN__DUPLICATE_METHOD_MATCH = YES;
				COPY_PHASE_STRIP = NO;
				DEBUG_INFORMATION_FORMAT = dwarf;
				ENABLE_STRICT_OBJC_MSGSEND = YES;
				ENABLE_TESTABILITY = YES;
				ENABLE_USER_SCRIPT_SANDBOXING = YES;
				GCC_C_LANGUAGE_STANDARD = gnu17;
				GCC_DYNAMIC_NO_PIC = NO;
				GCC_NO_COMMON_BLOCKS = YES;
				GCC_OPTIMIZATION_LEVEL = 0;
				GCC_PREPROCESSOR_DEFINITIONS = (
					"DEBUG=1",
					"$(inherited)",
				);
				GCC_WARN_64_TO_32_BIT_CONVERSION = YES;
				GCC_WARN_ABOUT_RETURN_TYPE = YES_ERROR;
				GCC_WARN_UNDECLARED_SELECTOR = YES;
				GCC_WARN_UNINITIALIZED_AUTOS = YES_AGGRESSIVE;
				GCC_WARN_UNUSED_FUNCTION = YES;
				GCC_WARN_UNUSED_VARIABLE = YES;
				LOCALIZATION_PREFERS_STRING_CATALOGS = YES;
				MACOSX_DEPLOYMENT_TARGET = 15.2;
				MTL_ENABLE_DEBUG_INFO = INCLUDE_SOURCE;
				MTL_FAST_MATH = YES;
				ONLY_ACTIVE_ARCH = YES;
				SDKROOT = macosx;
				SWIFT_ACTIVE_COMPILATION_CONDITIONS = "DEBUG $(inherited)";
				SWIFT_OPTIMIZATION_LEVEL = "-Onone";
			};
			name = Debug;
		};
		698824712D943EDC0071D325 /* Release */ = {
			isa = XCBuildConfiguration;
			buildSettings = {
				ALWAYS_SEARCH_USER_PATHS = NO;
				ASSETCATALOG_COMPILER_GENERATE_SWIFT_ASSET_SYMBOL_EXTENSIONS = YES;
				CLANG_ANALYZER_NONNULL = YES;
				CLANG_ANALYZER_NUMBER_OBJECT_CONVERSION = YES_AGGRESSIVE;
				CLANG_CXX_LANGUAGE_STANDARD = "gnu++20";
				CLANG_ENABLE_MODULES = YES;
				CLANG_ENABLE_OBJC_ARC = YES;
				CLANG_ENABLE_OBJC_WEAK = YES;
				CLANG_WARN_BLOCK_CAPTURE_AUTORELEASING = YES;
				CLANG_WARN_BOOL_CONVERSION = YES;
				CLANG_WARN_COMMA = YES;
				CLANG_WARN_CONSTANT_CONVERSION = YES;
				CLANG_WARN_DEPRECATED_OBJC_IMPLEMENTATIONS = YES;
				CLANG_WARN_DIRECT_OBJC_ISA_USAGE = YES_ERROR;
				CLANG_WARN_DOCUMENTATION_COMMENTS = YES;
				CLANG_WARN_EMPTY_BODY = YES;
				CLANG_WARN_ENUM_CONVERSION = YES;
				CLANG_WARN_INFINITE_RECURSION = YES;
				CLANG_WARN_INT_CONVERSION = YES;
				CLANG_WARN_NON_LITERAL_NULL_CONVERSION = YES;
				CLANG_WARN_OBJC_IMPLICIT_RETAIN_SELF = YES;
				CLANG_WARN_OBJC_LITERAL_CONVERSION = YES;
				CLANG_WARN_OBJC_ROOT_CLASS = YES_ERROR;
				CLANG_WARN_QUOTED_INCLUDE_IN_FRAMEWORK_HEADER = YES;
				CLANG_WARN_RANGE_LOOP_ANALYSIS = YES;
				CLANG_WARN_STRICT_PROTOTYPES = YES;
				CLANG_WARN_SUSPICIOUS_MOVE = YES;
				CLANG_WARN_UNGUARDED_AVAILABILITY = YES_AGGRESSIVE;
				CLANG_WARN_UNREACHABLE_CODE = YES;
				CLANG_WARN__DUPLICATE_METHOD_MATCH = YES;
				COPY_PHASE_STRIP = NO;
				DEBUG_INFORMATION_FORMAT = "dwarf-with-dsym";
				ENABLE_NS_ASSERTIONS = NO;
				ENABLE_STRICT_OBJC_MSGSEND = YES;
				ENABLE_USER_SCRIPT_SANDBOXING = YES;
				GCC_C_LANGUAGE_STANDARD = gnu17;
				GCC_NO_COMMON_BLOCKS = YES;
				GCC_WARN_64_TO_32_BIT_CONVERSION = YES;
				GCC_WARN_ABOUT_RETURN_TYPE = YES_ERROR;
				GCC_WARN_UNDECLARED_SELECTOR = YES;
				GCC_WARN_UNINITIALIZED_AUTOS = YES_AGGRESSIVE;
				GCC_WARN_UNUSED_FUNCTION = YES;
				GCC_WARN_UNUSED_VARIABLE = YES;
				LOCALIZATION_PREFERS_STRING_CATALOGS = YES;
				MACOSX_DEPLOYMENT_TARGET = 15.2;
				MTL_ENABLE_DEBUG_INFO = NO;
				MTL_FAST_MATH = YES;
				SDKROOT = macosx;
				SWIFT_COMPILATION_MODE = wholemodule;
			};
			name = Release;
		};
		698824732D943EDC0071D325 /* Debug */ = {
			isa = XCBuildConfiguration;
			buildSettings = {
				ASSETCATALOG_COMPILER_APPICON_NAME = AppIcon;
				ASSETCATALOG_COMPILER_GLOBAL_ACCENT_COLOR_NAME = AccentColor;
				CODE_SIGN_ENTITLEMENTS = img2pdf/img2pdf.entitlements;
				CODE_SIGN_STYLE = Automatic;
				COMBINE_HIDPI_IMAGES = YES;
				CURRENT_PROJECT_VERSION = 1;
				GENERATE_INFOPLIST_FILE = YES;
				INFOPLIST_KEY_NSHumanReadableCopyright = "";
				INFOPLIST_KEY_NSMainStoryboardFile = Main;
				INFOPLIST_KEY_NSPrincipalClass = NSApplication;
				LD_RUNPATH_SEARCH_PATHS = (
					"$(inherited)",
					"@executable_path/../Frameworks",
				);
				MARKETING_VERSION = 1.0;
				PRODUCT_BUNDLE_IDENTIFIER = matsuohiroki.img2pdf;
				PRODUCT_NAME = "$(TARGET_NAME)";
				SWIFT_EMIT_LOC_STRINGS = YES;
				SWIFT_VERSION = 5.0;
			};
			name = Debug;
		};
		698824742D943EDC0071D325 /* Release */ = {
			isa = XCBuildConfiguration;
			buildSettings = {
				ASSETCATALOG_COMPILER_APPICON_NAME = AppIcon;
				ASSETCATALOG_COMPILER_GLOBAL_ACCENT_COLOR_NAME = AccentColor;
				CODE_SIGN_ENTITLEMENTS = img2pdf/img2pdf.entitlements;
				CODE_SIGN_STYLE = Automatic;
				COMBINE_HIDPI_IMAGES = YES;
				CURRENT_PROJECT_VERSION = 1;
				GENERATE_INFOPLIST_FILE = YES;
				INFOPLIST_KEY_NSHumanReadableCopyright = "";
				INFOPLIST_KEY_NSMainStoryboardFile = Main;
				INFOPLIST_KEY_NSPrincipalClass = NSApplication;
				LD_RUNPATH_SEARCH_PATHS = (
					"$(inherited)",
					"@executable_path/../Frameworks",
				);
				MARKETING_VERSION = 1.0;
				PRODUCT_BUNDLE_IDENTIFIER = matsuohiroki.img2pdf;
				PRODUCT_NAME = "$(TARGET_NAME)";
				SWIFT_EMIT_LOC_STRINGS = YES;
				SWIFT_VERSION = 5.0;
			};
			name = Release;
		};
		698824762D943EDC0071D325 /* Debug */ = {
			isa = XCBuildConfiguration;
			buildSettings = {
				BUNDLE_LOADER = "$(TEST_HOST)";
				CODE_SIGN_STYLE = Automatic;
				CURRENT_PROJECT_VERSION = 1;
				GENERATE_INFOPLIST_FILE = YES;
				MACOSX_DEPLOYMENT_TARGET = 15.2;
				MARKETING_VERSION = 1.0;
				PRODUCT_BUNDLE_IDENTIFIER = matsuohiroki.img2pdfTests;
				PRODUCT_NAME = "$(TARGET_NAME)";
				SWIFT_EMIT_LOC_STRINGS = NO;
				SWIFT_VERSION = 5.0;
				TEST_HOST = "$(BUILT_PRODUCTS_DIR)/img2pdf.app/$(BUNDLE_EXECUTABLE_FOLDER_PATH)/img2pdf";
			};
			name = Debug;
		};
		698824772D943EDC0071D325 /* Release */ = {
			isa = XCBuildConfiguration;
			buildSettings = {
				BUNDLE_LOADER = "$(TEST_HOST)";
				CODE_SIGN_STYLE = Automatic;
				CURRENT_PROJECT_VERSION = 1;
				GENERATE_INFOPLIST_FILE = YES;
				MACOSX_DEPLOYMENT_TARGET = 15.2;
				MARKETING_VERSION = 1.0;
				PRODUCT_BUNDLE_IDENTIFIER = matsuohiroki.img2pdfTests;
				PRODUCT_NAME = "$(TARGET_NAME)";
				SWIFT_EMIT_LOC_STRINGS = NO;
				SWIFT_VERSION = 5.0;
				TEST_HOST = "$(BUILT_PRODUCTS_DIR)/img2pdf.app/$(BUNDLE_EXECUTABLE_FOLDER_PATH)/img2pdf";
			};
			name = Release;
		};
		698824792D943EDC0071D325 /* Debug */ = {
			isa = XCBuildConfiguration;
			buildSettings = {
				CODE_SIGN_STYLE = Automatic;
				CURRENT_PROJECT_VERSION = 1;
				GENERATE_INFOPLIST_FILE = YES;
				MARKETING_VERSION = 1.0;
				PRODUCT_BUNDLE_IDENTIFIER = matsuohiroki.img2pdfUITests;
				PRODUCT_NAME = "$(TARGET_NAME)";
				SWIFT_EMIT_LOC_STRINGS = NO;
				SWIFT_VERSION = 5.0;
				TEST_TARGET_NAME = img2pdf;
			};
			name = Debug;
		};
		6988247A2D943EDC0071D325 /* Release */ = {
			isa = XCBuildConfiguration;
			buildSettings = {
				CODE_SIGN_STYLE = Automatic;
				CURRENT_PROJECT_VERSION = 1;
				GENERATE_INFOPLIST_FILE = YES;
				MARKETING_VERSION = 1.0;
				PRODUCT_BUNDLE_IDENTIFIER = matsuohiroki.img2pdfUITests;
				PRODUCT_NAME = "$(TARGET_NAME)";
				SWIFT_EMIT_LOC_STRINGS = NO;
				SWIFT_VERSION = 5.0;
				TEST_TARGET_NAME = img2pdf;
			};
			name = Release;
		};
/* End XCBuildConfiguration section */

/* Begin XCConfigurationList section */
		698824482D943EDB0071D325 /* Build configuration list for PBXProject "img2pdf" */ = {
			isa = XCConfigurationList;
			buildConfigurations = (
				698824702D943EDC0071D325 /* Debug */,
				698824712D943EDC0071D325 /* Release */,
			);
			defaultConfigurationIsVisible = 0;
			defaultConfigurationName = Release;
		};
		698824722D943EDC0071D325 /* Build configuration list for PBXNativeTarget "img2pdf" */ = {
			isa = XCConfigurationList;
			buildConfigurations = (
				698824732D943EDC0071D325 /* Debug */,
				698824742D943EDC0071D325 /* Release */,
			);
			defaultConfigurationIsVisible = 0;
			defaultConfigurationName = Release;
		};
		698824752D943EDC0071D325 /* Build configuration list for PBXNativeTarget "img2pdfTests" */ = {
			isa = XCConfigurationList;
			buildConfigurations = (
				698824762D943EDC0071D325 /* Debug */,
				698824772D943EDC0071D325 /* Release */,
			);
			defaultConfigurationIsVisible = 0;
			defaultConfigurationName = Release;
		};
		698824782D943EDC0071D325 /* Build configuration list for PBXNativeTarget "img2pdfUITests" */ = {
			isa = XCConfigurationList;
			buildConfigurations = (
				698824792D943EDC0071D325 /* Debug */,
				6988247A2D943EDC0071D325 /* Release */,
			);
			defaultConfigurationIsVisible = 0;
			defaultConfigurationName = Release;
		};
/* End XCConfigurationList section */

/* Begin XCRemoteSwiftPackageReference section */
		698824AB2D944A110071D325 /* XCRemoteSwiftPackageReference "SwiftLint" */ = {
			isa = XCRemoteSwiftPackageReference;
			repositoryURL = "https://github.com/realm/SwiftLint";
			requirement = {
				kind = upToNextMajorVersion;
				minimumVersion = 0.58.2;
			};
		};
/* End XCRemoteSwiftPackageReference section */

/* Begin XCSwiftPackageProductDependency section */
		698824AC2D944A190071D325 /* SwiftLintBuildToolPlugin */ = {
			isa = XCSwiftPackageProductDependency;
			package = 698824AB2D944A110071D325 /* XCRemoteSwiftPackageReference "SwiftLint" */;
			productName = "plugin:SwiftLintBuildToolPlugin";
		};
/* End XCSwiftPackageProductDependency section */
	};
	rootObject = 698824452D943EDB0071D325 /* Project object */;
}
